{
  "name": "tng_js",
  "version": "1.0.0",
  "lockfileVersion": 1,
  "requires": true,
  "dependencies": {
    "stem-porter": {
      "version": "0.0.1",
      "resolved": "https://registry.npmjs.org/stem-porter/-/stem-porter-0.0.1.tgz",
      "integrity": "sha1-WRqLDWlsNCUq9ZNTUihDCjTecAE="
    }
  }
}
